
Microsoft Visual Studio Solution File, Format Version 12.00
# Visual Studio Version 17
VisualStudioVersion = 17.0.31903.59
MinimumVisualStudioVersion = 10.0.40219.1
Project("{FAE04EC0-301F-11D3-BF4B-00C04F79EFBC}") = "AppointmentBookingSystem.Api", "AppointmentBookingSystem.Api\AppointmentBookingSystem.Api.csproj", "{4D43EB56-AAD0-451C-B44D-1FED0A9F0E6B}"
EndProject
Project("{FAE04EC0-301F-11D3-BF4B-00C04F79EFBC}") = "AppointmentBookingSystem.AppService", "AppointmentBookingSystem.AppService\AppointmentBookingSystem.AppService.csproj", "{5A163218-C4C7-4070-8B44-8D32136E17F5}"
EndProject
Project("{FAE04EC0-301F-11D3-BF4B-00C04F79EFBC}") = "AppointmentBookingSystem.Infrastructure", "AppointmentBookingSystem.Infrastructure\AppointmentBookingSystem.Infrastructure.csproj", "{1A3CBA85-97A0-4C82-854E-73B0029AD8CA}"
EndProject
Global
	GlobalSection(SolutionConfigurationPlatforms) = preSolution
		Debug|Any CPU = Debug|Any CPU
		Release|Any CPU = Release|Any CPU
	EndGlobalSection
	GlobalSection(SolutionProperties) = preSolution
		HideSolutionNode = FALSE
	EndGlobalSection
	GlobalSection(ProjectConfigurationPlatforms) = postSolution
		{4D43EB56-AAD0-451C-B44D-1FED0A9F0E6B}.Debug|Any CPU.ActiveCfg = Debug|Any CPU
		{4D43EB56-AAD0-451C-B44D-1FED0A9F0E6B}.Debug|Any CPU.Build.0 = Debug|Any CPU
		{4D43EB56-AAD0-451C-B44D-1FED0A9F0E6B}.Release|Any CPU.ActiveCfg = Release|Any CPU
		{4D43EB56-AAD0-451C-B44D-1FED0A9F0E6B}.Release|Any CPU.Build.0 = Release|Any CPU
		{5A163218-C4C7-4070-8B44-8D32136E17F5}.Debug|Any CPU.ActiveCfg = Debug|Any CPU
		{5A163218-C4C7-4070-8B44-8D32136E17F5}.Debug|Any CPU.Build.0 = Debug|Any CPU
		{5A163218-C4C7-4070-8B44-8D32136E17F5}.Release|Any CPU.ActiveCfg = Release|Any CPU
		{5A163218-C4C7-4070-8B44-8D32136E17F5}.Release|Any CPU.Build.0 = Release|Any CPU
		{1A3CBA85-97A0-4C82-854E-73B0029AD8CA}.Debug|Any CPU.ActiveCfg = Debug|Any CPU
		{1A3CBA85-97A0-4C82-854E-73B0029AD8CA}.Debug|Any CPU.Build.0 = Debug|Any CPU
		{1A3CBA85-97A0-4C82-854E-73B0029AD8CA}.Release|Any CPU.ActiveCfg = Release|Any CPU
		{1A3CBA85-97A0-4C82-854E-73B0029AD8CA}.Release|Any CPU.Build.0 = Release|Any CPU
	EndGlobalSection
EndGlobal
